
Microsoft Visual Studio Solution File, Format Version 12.00
# Visual Studio Version 16
VisualStudioVersion = 16.0.31321.278
MinimumVisualStudioVersion = 10.0.40219.1
Project("{9A19103F-16F7-4668-BE54-9A1E7A4F7556}") = "DndApiNetCore", "DndApiNetCore\DndApiNetCore.csproj", "{3DF2B745-B439-4D32-8A11-032A418FFB17}"
EndProject
Project("{2150E333-8FDC-42A3-9474-1A3956D46DE8}") = "1.Models", "1.Models", "{941FD857-4601-46F8-A488-631BDCE694A4}"
EndProject
Project("{2150E333-8FDC-42A3-9474-1A3956D46DE8}") = "2.Businness", "2.Businness", "{FBEF256D-18E4-4299-B191-49443E1EF224}"
EndProject
Project("{2150E333-8FDC-42A3-9474-1A3956D46DE8}") = "3.Infraestructure", "3.Infraestructure", "{B428B817-F09D-49B1-B513-D0D0DDF39142}"
EndProject
Project("{2150E333-8FDC-42A3-9474-1A3956D46DE8}") = "4.Core", "4.Core", "{625FA698-83DC-437D-BEE2-863C9B0759D4}"
EndProject
Project("{9A19103F-16F7-4668-BE54-9A1E7A4F7556}") = "Models.Dto", "Models.Dto\Models.Dto.csproj", "{13C65CC6-5C92-4F2F-A7DD-9B23206733C6}"
EndProject
Project("{9A19103F-16F7-4668-BE54-9A1E7A4F7556}") = "Core.Models", "Core.Models\Core.Models.csproj", "{98B97BEB-3DB6-4C03-9C4B-CF2A937A84E0}"
EndProject
Project("{9A19103F-16F7-4668-BE54-9A1E7A4F7556}") = "Infra.DataAcces", "Infra.DataAcces\Infra.DataAcces.csproj", "{8BED87FF-72D3-4A16-8DE4-494FD47DB2C5}"
EndProject
Project("{9A19103F-16F7-4668-BE54-9A1E7A4F7556}") = "Businness.Validations", "Businness.Validations\Businness.Validations.csproj", "{8168406C-AAB2-4098-A1C6-4F0DB10739AF}"
EndProject
Project("{9A19103F-16F7-4668-BE54-9A1E7A4F7556}") = "Businness.Services", "Businness.Services\Businness.Services.csproj", "{2C4778CD-7BF4-47EB-BF66-DB72632859D6}"
EndProject
Project("{9A19103F-16F7-4668-BE54-9A1E7A4F7556}") = "Core.Services", "Core.Services\Core.Services.csproj", "{7EC02A59-E521-4E10-AD51-84B5D689E152}"
EndProject
Project("{9A19103F-16F7-4668-BE54-9A1E7A4F7556}") = "Core.DataAccess", "Core.DataAccess\Core.DataAccess.csproj", "{A4ECFDF1-8E0E-4776-B05B-A5364971255C}"
EndProject
Project("{9A19103F-16F7-4668-BE54-9A1E7A4F7556}") = "Businness.Mapper", "Businness.Mapper\Businness.Mapper.csproj", "{F1BC5AC5-356E-42E9-9B6A-184473DEAD16}"
EndProject
Project("{9A19103F-16F7-4668-BE54-9A1E7A4F7556}") = "Businness.DependencyResolver", "Businness.DependencyResolver\Businness.DependencyResolver.csproj", "{FEF5099F-1FD6-40CA-8C0E-1A8AB8A2225B}"
EndProject
Project("{9A19103F-16F7-4668-BE54-9A1E7A4F7556}") = "Models.Entities", "Models.Entities\Models.Entities.csproj", "{E178A4BD-C8D9-4A26-9787-92169E50BF45}"
EndProject
Global
	GlobalSection(SolutionConfigurationPlatforms) = preSolution
		Debug|Any CPU = Debug|Any CPU
		Release|Any CPU = Release|Any CPU
	EndGlobalSection
	GlobalSection(ProjectConfigurationPlatforms) = postSolution
		{3DF2B745-B439-4D32-8A11-032A418FFB17}.Debug|Any CPU.ActiveCfg = Debug|Any CPU
		{3DF2B745-B439-4D32-8A11-032A418FFB17}.Debug|Any CPU.Build.0 = Debug|Any CPU
		{3DF2B745-B439-4D32-8A11-032A418FFB17}.Release|Any CPU.ActiveCfg = Release|Any CPU
		{3DF2B745-B439-4D32-8A11-032A418FFB17}.Release|Any CPU.Build.0 = Release|Any CPU
		{13C65CC6-5C92-4F2F-A7DD-9B23206733C6}.Debug|Any CPU.ActiveCfg = Debug|Any CPU
		{13C65CC6-5C92-4F2F-A7DD-9B23206733C6}.Debug|Any CPU.Build.0 = Debug|Any CPU
		{13C65CC6-5C92-4F2F-A7DD-9B23206733C6}.Release|Any CPU.ActiveCfg = Release|Any CPU
		{13C65CC6-5C92-4F2F-A7DD-9B23206733C6}.Release|Any CPU.Build.0 = Release|Any CPU
		{98B97BEB-3DB6-4C03-9C4B-CF2A937A84E0}.Debug|Any CPU.ActiveCfg = Debug|Any CPU
		{98B97BEB-3DB6-4C03-9C4B-CF2A937A84E0}.Debug|Any CPU.Build.0 = Debug|Any CPU
		{98B97BEB-3DB6-4C03-9C4B-CF2A937A84E0}.Release|Any CPU.ActiveCfg = Release|Any CPU
		{98B97BEB-3DB6-4C03-9C4B-CF2A937A84E0}.Release|Any CPU.Build.0 = Release|Any CPU
		{8BED87FF-72D3-4A16-8DE4-494FD47DB2C5}.Debug|Any CPU.ActiveCfg = Debug|Any CPU
		{8BED87FF-72D3-4A16-8DE4-494FD47DB2C5}.Debug|Any CPU.Build.0 = Debug|Any CPU
		{8BED87FF-72D3-4A16-8DE4-494FD47DB2C5}.Release|Any CPU.ActiveCfg = Release|Any CPU
		{8BED87FF-72D3-4A16-8DE4-494FD47DB2C5}.Release|Any CPU.Build.0 = Release|Any CPU
		{8168406C-AAB2-4098-A1C6-4F0DB10739AF}.Debug|Any CPU.ActiveCfg = Debug|Any CPU
		{8168406C-AAB2-4098-A1C6-4F0DB10739AF}.Debug|Any CPU.Build.0 = Debug|Any CPU
		{8168406C-AAB2-4098-A1C6-4F0DB10739AF}.Release|Any CPU.ActiveCfg = Release|Any CPU
		{8168406C-AAB2-4098-A1C6-4F0DB10739AF}.Release|Any CPU.Build.0 = Release|Any CPU
		{2C4778CD-7BF4-47EB-BF66-DB72632859D6}.Debug|Any CPU.ActiveCfg = Debug|Any CPU
		{2C4778CD-7BF4-47EB-BF66-DB72632859D6}.Debug|Any CPU.Build.0 = Debug|Any CPU
		{2C4778CD-7BF4-47EB-BF66-DB72632859D6}.Release|Any CPU.ActiveCfg = Release|Any CPU
		{2C4778CD-7BF4-47EB-BF66-DB72632859D6}.Release|Any CPU.Build.0 = Release|Any CPU
		{7EC02A59-E521-4E10-AD51-84B5D689E152}.Debug|Any CPU.ActiveCfg = Debug|Any CPU
		{7EC02A59-E521-4E10-AD51-84B5D689E152}.Debug|Any CPU.Build.0 = Debug|Any CPU
		{7EC02A59-E521-4E10-AD51-84B5D689E152}.Release|Any CPU.ActiveCfg = Release|Any CPU
		{7EC02A59-E521-4E10-AD51-84B5D689E152}.Release|Any CPU.Build.0 = Release|Any CPU
		{A4ECFDF1-8E0E-4776-B05B-A5364971255C}.Debug|Any CPU.ActiveCfg = Debug|Any CPU
		{A4ECFDF1-8E0E-4776-B05B-A5364971255C}.Debug|Any CPU.Build.0 = Debug|Any CPU
		{A4ECFDF1-8E0E-4776-B05B-A5364971255C}.Release|Any CPU.ActiveCfg = Release|Any CPU
		{A4ECFDF1-8E0E-4776-B05B-A5364971255C}.Release|Any CPU.Build.0 = Release|Any CPU
		{F1BC5AC5-356E-42E9-9B6A-184473DEAD16}.Debug|Any CPU.ActiveCfg = Debug|Any CPU
		{F1BC5AC5-356E-42E9-9B6A-184473DEAD16}.Debug|Any CPU.Build.0 = Debug|Any CPU
		{F1BC5AC5-356E-42E9-9B6A-184473DEAD16}.Release|Any CPU.ActiveCfg = Release|Any CPU
		{F1BC5AC5-356E-42E9-9B6A-184473DEAD16}.Release|Any CPU.Build.0 = Release|Any CPU
		{FEF5099F-1FD6-40CA-8C0E-1A8AB8A2225B}.Debug|Any CPU.ActiveCfg = Debug|Any CPU
		{FEF5099F-1FD6-40CA-8C0E-1A8AB8A2225B}.Debug|Any CPU.Build.0 = Debug|Any CPU
		{FEF5099F-1FD6-40CA-8C0E-1A8AB8A2225B}.Release|Any CPU.ActiveCfg = Release|Any CPU
		{FEF5099F-1FD6-40CA-8C0E-1A8AB8A2225B}.Release|Any CPU.Build.0 = Release|Any CPU
		{E178A4BD-C8D9-4A26-9787-92169E50BF45}.Debug|Any CPU.ActiveCfg = Debug|Any CPU
		{E178A4BD-C8D9-4A26-9787-92169E50BF45}.Debug|Any CPU.Build.0 = Debug|Any CPU
		{E178A4BD-C8D9-4A26-9787-92169E50BF45}.Release|Any CPU.ActiveCfg = Release|Any CPU
		{E178A4BD-C8D9-4A26-9787-92169E50BF45}.Release|Any CPU.Build.0 = Release|Any CPU
	EndGlobalSection
	GlobalSection(SolutionProperties) = preSolution
		HideSolutionNode = FALSE
	EndGlobalSection
	GlobalSection(NestedProjects) = preSolution
		{13C65CC6-5C92-4F2F-A7DD-9B23206733C6} = {941FD857-4601-46F8-A488-631BDCE694A4}
		{98B97BEB-3DB6-4C03-9C4B-CF2A937A84E0} = {625FA698-83DC-437D-BEE2-863C9B0759D4}
		{8BED87FF-72D3-4A16-8DE4-494FD47DB2C5} = {B428B817-F09D-49B1-B513-D0D0DDF39142}
		{8168406C-AAB2-4098-A1C6-4F0DB10739AF} = {FBEF256D-18E4-4299-B191-49443E1EF224}
		{2C4778CD-7BF4-47EB-BF66-DB72632859D6} = {FBEF256D-18E4-4299-B191-49443E1EF224}
		{7EC02A59-E521-4E10-AD51-84B5D689E152} = {625FA698-83DC-437D-BEE2-863C9B0759D4}
		{A4ECFDF1-8E0E-4776-B05B-A5364971255C} = {625FA698-83DC-437D-BEE2-863C9B0759D4}
		{F1BC5AC5-356E-42E9-9B6A-184473DEAD16} = {FBEF256D-18E4-4299-B191-49443E1EF224}
		{FEF5099F-1FD6-40CA-8C0E-1A8AB8A2225B} = {FBEF256D-18E4-4299-B191-49443E1EF224}
		{E178A4BD-C8D9-4A26-9787-92169E50BF45} = {941FD857-4601-46F8-A488-631BDCE694A4}
	EndGlobalSection
	GlobalSection(ExtensibilityGlobals) = postSolution
		SolutionGuid = {9A13B998-D689-478E-959B-91359B2729A3}
	EndGlobalSection
EndGlobal
